
Microsoft Visual Studio Solution File, Format Version 12.00
# Visual Studio Version 16
VisualStudioVersion = 16.0.30907.101
MinimumVisualStudioVersion = 10.0.40219.1
Project("{FAE04EC0-301F-11D3-BF4B-00C04F79EFBC}") = "CurrencyAPI", "CurrencyAPI\CurrencyAPI.csproj", "{1BA8818A-692A-430C-A563-CB57BB5A96DB}"
EndProject
Project("{FAE04EC0-301F-11D3-BF4B-00C04F79EFBC}") = "CurrencyAPI.UnitTests", "CurrencyAPI.UnitTests\CurrencyAPI.UnitTests.csproj", "{AB789A55-A970-44A0-80CF-0EFD6FC3145D}"
EndProject
Global
	GlobalSection(SolutionConfigurationPlatforms) = preSolution
		Debug|Any CPU = Debug|Any CPU
		Release|Any CPU = Release|Any CPU
	EndGlobalSection
	GlobalSection(ProjectConfigurationPlatforms) = postSolution
		{1BA8818A-692A-430C-A563-CB57BB5A96DB}.Debug|Any CPU.ActiveCfg = Debug|Any CPU
		{1BA8818A-692A-430C-A563-CB57BB5A96DB}.Debug|Any CPU.Build.0 = Debug|Any CPU
		{1BA8818A-692A-430C-A563-CB57BB5A96DB}.Release|Any CPU.ActiveCfg = Release|Any CPU
		{1BA8818A-692A-430C-A563-CB57BB5A96DB}.Release|Any CPU.Build.0 = Release|Any CPU
		{AB789A55-A970-44A0-80CF-0EFD6FC3145D}.Debug|Any CPU.ActiveCfg = Debug|Any CPU
		{AB789A55-A970-44A0-80CF-0EFD6FC3145D}.Debug|Any CPU.Build.0 = Debug|Any CPU
		{AB789A55-A970-44A0-80CF-0EFD6FC3145D}.Release|Any CPU.ActiveCfg = Release|Any CPU
		{AB789A55-A970-44A0-80CF-0EFD6FC3145D}.Release|Any CPU.Build.0 = Release|Any CPU
	EndGlobalSection
	GlobalSection(SolutionProperties) = preSolution
		HideSolutionNode = FALSE
	EndGlobalSection
	GlobalSection(ExtensibilityGlobals) = postSolution
		SolutionGuid = {6B267918-E390-4559-BAF6-CB9AD93510FA}
	EndGlobalSection
EndGlobal
